{
  "lockfile-version": 1,
  "manifest": {
    "version": 1,
    "install": {
      "hugo": {
        "pkg-path": "hugo"
      }
    },
    "hook": {},
    "profile": {},
    "options": {
      "systems": [
        "aarch64-darwin",
        "aarch64-linux",
        "x86_64-darwin",
        "x86_64-linux"
      ],
      "allow": {
        "licenses": []
      },
      "semver": {}
    }
  },
  "packages": [
    {
      "attr_path": "hugo",
      "broken": false,
      "derivation": "/nix/store/kf7zjw2v14ki822cidysj0n6j81h1ni2-hugo-0.139.0.drv",
      "description": "Fast and modern static website engine",
      "install_id": "hugo",
      "license": "Apache-2.0",
      "locked_url": "https://github.com/flox/nixpkgs?rev=4633a7c72337ea8fd23a4f2ba3972865e3ec685d",
      "name": "hugo-0.139.0",
      "pname": "hugo",
      "rev": "4633a7c72337ea8fd23a4f2ba3972865e3ec685d",
      "rev_count": 712559,
      "rev_date": "2024-11-25T07:53:41Z",
      "scrape_date": "2024-11-27T03:52:37Z",
      "stabilities": [
        "unstable"
      ],
      "unfree": false,
      "version": "0.139.0",
      "outputs_to_install": [
        "out"
      ],
      "outputs": {
        "out": "/nix/store/cjkcbn1wkzn6d8syb1cyppdq9h50rkzp-hugo-0.139.0"
      },
      "system": "aarch64-darwin",
      "group": "toplevel",
      "priority": 5
    },
    {
      "attr_path": "hugo",
      "broken": false,
      "derivation": "/nix/store/6c6g1a39vic4n1j78hggzp7d0pwzjczj-hugo-0.139.0.drv",
      "description": "Fast and modern static website engine",
      "install_id": "hugo",
      "license": "Apache-2.0",
      "locked_url": "https://github.com/flox/nixpkgs?rev=4633a7c72337ea8fd23a4f2ba3972865e3ec685d",
      "name": "hugo-0.139.0",
      "pname": "hugo",
      "rev": "4633a7c72337ea8fd23a4f2ba3972865e3ec685d",
      "rev_count": 712559,
      "rev_date": "2024-11-25T07:53:41Z",
      "scrape_date": "2024-11-27T03:52:37Z",
      "stabilities": [
        "unstable"
      ],
      "unfree": false,
      "version": "0.139.0",
      "outputs_to_install": [
        "out"
      ],
      "outputs": {
        "out": "/nix/store/mnxim04ppi0dqmzhzkh45lavmfra4n2g-hugo-0.139.0"
      },
      "system": "aarch64-linux",
      "group": "toplevel",
      "priority": 5
    },
    {
      "attr_path": "hugo",
      "broken": false,
      "derivation": "/nix/store/9j75v79zg1lszkycknlf4i4jyjj6mnsb-hugo-0.139.0.drv",
      "description": "Fast and modern static website engine",
      "install_id": "hugo",
      "license": "Apache-2.0",
      "locked_url": "https://github.com/flox/nixpkgs?rev=4633a7c72337ea8fd23a4f2ba3972865e3ec685d",
      "name": "hugo-0.139.0",
      "pname": "hugo",
      "rev": "4633a7c72337ea8fd23a4f2ba3972865e3ec685d",
      "rev_count": 712559,
      "rev_date": "2024-11-25T07:53:41Z",
      "scrape_date": "2024-11-27T03:52:37Z",
      "stabilities": [
        "unstable"
      ],
      "unfree": false,
      "version": "0.139.0",
      "outputs_to_install": [
        "out"
      ],
      "outputs": {
        "out": "/nix/store/96cinf0bmch7gkrq1izvy2lhwrdi0p1m-hugo-0.139.0"
      },
      "system": "x86_64-darwin",
      "group": "toplevel",
      "priority": 5
    },
    {
      "attr_path": "hugo",
      "broken": false,
      "derivation": "/nix/store/gw1bqw0n0rvjb1rb527rnb30lgvrkh5d-hugo-0.139.0.drv",
      "description": "Fast and modern static website engine",
      "install_id": "hugo",
      "license": "Apache-2.0",
      "locked_url": "https://github.com/flox/nixpkgs?rev=4633a7c72337ea8fd23a4f2ba3972865e3ec685d",
      "name": "hugo-0.139.0",
      "pname": "hugo",
      "rev": "4633a7c72337ea8fd23a4f2ba3972865e3ec685d",
      "rev_count": 712559,
      "rev_date": "2024-11-25T07:53:41Z",
      "scrape_date": "2024-11-27T03:52:37Z",
      "stabilities": [
        "unstable"
      ],
      "unfree": false,
      "version": "0.139.0",
      "outputs_to_install": [
        "out"
      ],
      "outputs": {
        "out": "/nix/store/13g2k2qivwizb70gi533da0c13grgfk7-hugo-0.139.0"
      },
      "system": "x86_64-linux",
      "group": "toplevel",
      "priority": 5
    }
  ]
}