{
  "lockfile-version": 1,
  "manifest": {
    "version": 1,
    "install": {
      "hugo": {
        "pkg-path": "hugo"
      }
    },
    "hook": {},
    "profile": {},
    "options": {
      "systems": [
        "aarch64-darwin",
        "aarch64-linux",
        "x86_64-darwin",
        "x86_64-linux"
      ]
    }
  },
  "packages": [
    {
      "attr_path": "hugo",
      "broken": false,
      "derivation": "/nix/store/1l8i49p26p9g376y36170vnz6a24fjfk-hugo-0.153.3.drv",
      "description": "Fast and modern static website engine",
      "install_id": "hugo",
      "license": "Apache-2.0",
      "locked_url": "https://github.com/flox/nixpkgs?rev=cad22e7d996aea55ecab064e84834289143e44a0",
      "name": "hugo-0.153.3",
      "pname": "hugo",
      "rev": "cad22e7d996aea55ecab064e84834289143e44a0",
      "rev_count": 919991,
      "rev_date": "2025-12-30T17:40:09Z",
      "scrape_date": "2026-01-02T03:03:07.430546Z",
      "stabilities": [
        "staging",
        "unstable"
      ],
      "unfree": false,
      "version": "0.153.3",
      "outputs_to_install": [
        "out"
      ],
      "outputs": {
        "out": "/nix/store/zvblsv7h9sb6ckqfnw0xj2waamnp7y72-hugo-0.153.3"
      },
      "system": "aarch64-darwin",
      "group": "toplevel",
      "priority": 5
    },
    {
      "attr_path": "hugo",
      "broken": false,
      "derivation": "/nix/store/5d1224xpxgqz18gzklmyc16ciylvvkqq-hugo-0.153.3.drv",
      "description": "Fast and modern static website engine",
      "install_id": "hugo",
      "license": "Apache-2.0",
      "locked_url": "https://github.com/flox/nixpkgs?rev=cad22e7d996aea55ecab064e84834289143e44a0",
      "name": "hugo-0.153.3",
      "pname": "hugo",
      "rev": "cad22e7d996aea55ecab064e84834289143e44a0",
      "rev_count": 919991,
      "rev_date": "2025-12-30T17:40:09Z",
      "scrape_date": "2026-01-02T03:19:09.647725Z",
      "stabilities": [
        "staging",
        "unstable"
      ],
      "unfree": false,
      "version": "0.153.3",
      "outputs_to_install": [
        "out"
      ],
      "outputs": {
        "out": "/nix/store/6jsrvl9rav8f0gpm0zxalv2pgc2ncv0y-hugo-0.153.3"
      },
      "system": "aarch64-linux",
      "group": "toplevel",
      "priority": 5
    },
    {
      "attr_path": "hugo",
      "broken": false,
      "derivation": "/nix/store/84aqs03fqxl298szfqmjqc0ph9rr02wr-hugo-0.153.3.drv",
      "description": "Fast and modern static website engine",
      "install_id": "hugo",
      "license": "Apache-2.0",
      "locked_url": "https://github.com/flox/nixpkgs?rev=cad22e7d996aea55ecab064e84834289143e44a0",
      "name": "hugo-0.153.3",
      "pname": "hugo",
      "rev": "cad22e7d996aea55ecab064e84834289143e44a0",
      "rev_count": 919991,
      "rev_date": "2025-12-30T17:40:09Z",
      "scrape_date": "2026-01-02T03:35:03.648395Z",
      "stabilities": [
        "staging",
        "unstable"
      ],
      "unfree": false,
      "version": "0.153.3",
      "outputs_to_install": [
        "out"
      ],
      "outputs": {
        "out": "/nix/store/6zylpbmjh55svhl5d28pssl9m75fc1xr-hugo-0.153.3"
      },
      "system": "x86_64-darwin",
      "group": "toplevel",
      "priority": 5
    },
    {
      "attr_path": "hugo",
      "broken": false,
      "derivation": "/nix/store/8fip179bc4ay9i534w5r41b40h8zp7lv-hugo-0.153.3.drv",
      "description": "Fast and modern static website engine",
      "install_id": "hugo",
      "license": "Apache-2.0",
      "locked_url": "https://github.com/flox/nixpkgs?rev=cad22e7d996aea55ecab064e84834289143e44a0",
      "name": "hugo-0.153.3",
      "pname": "hugo",
      "rev": "cad22e7d996aea55ecab064e84834289143e44a0",
      "rev_count": 919991,
      "rev_date": "2025-12-30T17:40:09Z",
      "scrape_date": "2026-01-02T03:51:05.216933Z",
      "stabilities": [
        "staging",
        "unstable"
      ],
      "unfree": false,
      "version": "0.153.3",
      "outputs_to_install": [
        "out"
      ],
      "outputs": {
        "out": "/nix/store/c69hrppaxcixgr83wn3sajj3m045915d-hugo-0.153.3"
      },
      "system": "x86_64-linux",
      "group": "toplevel",
      "priority": 5
    }
  ]
}
